
Microsoft Visual Studio Solution File, Format Version 12.00
# Visual Studio Version 17
VisualStudioVersion = 17.7.34031.279
MinimumVisualStudioVersion = 10.0.40219.1
Project("{FAE04EC0-301F-11D3-BF4B-00C04F79EFBC}") = "JupiterWebAPI", "JupiterWebAPI.csproj", "{943A8B5B-16C1-4F30-90CA-69F1C3EC04A2}"
EndProject
Global
	GlobalSection(SolutionConfigurationPlatforms) = preSolution
		Debug|Any CPU = Debug|Any CPU
		Release|Any CPU = Release|Any CPU
	EndGlobalSection
	GlobalSection(ProjectConfigurationPlatforms) = postSolution
		{943A8B5B-16C1-4F30-90CA-69F1C3EC04A2}.Debug|Any CPU.ActiveCfg = Debug|Any CPU
		{943A8B5B-16C1-4F30-90CA-69F1C3EC04A2}.Debug|Any CPU.Build.0 = Debug|Any CPU
		{943A8B5B-16C1-4F30-90CA-69F1C3EC04A2}.Release|Any CPU.ActiveCfg = Release|Any CPU
		{943A8B5B-16C1-4F30-90CA-69F1C3EC04A2}.Release|Any CPU.Build.0 = Release|Any CPU
	EndGlobalSection
	GlobalSection(SolutionProperties) = preSolution
		HideSolutionNode = FALSE
	EndGlobalSection
	GlobalSection(ExtensibilityGlobals) = postSolution
		SolutionGuid = {F495D7DA-67BB-486C-8BF8-830FA087D15F}
	EndGlobalSection
EndGlobal
